
Microsoft Visual Studio Solution File, Format Version 12.00
# Visual Studio Version 17
VisualStudioVersion = 17.7.34009.444
MinimumVisualStudioVersion = 10.0.40219.1
Project("{FAE04EC0-301F-11D3-BF4B-00C04F79EFBC}") = "ConsoleApp7", "ConsoleApp7.csproj", "{95E196B7-16B6-4202-AAFE-1CD92122907C}"
EndProject
Global
	GlobalSection(SolutionConfigurationPlatforms) = preSolution
		Debug|Any CPU = Debug|Any CPU
		Release|Any CPU = Release|Any CPU
	EndGlobalSection
	GlobalSection(ProjectConfigurationPlatforms) = postSolution
		{95E196B7-16B6-4202-AAFE-1CD92122907C}.Debug|Any CPU.ActiveCfg = Debug|Any CPU
		{95E196B7-16B6-4202-AAFE-1CD92122907C}.Debug|Any CPU.Build.0 = Debug|Any CPU
		{95E196B7-16B6-4202-AAFE-1CD92122907C}.Release|Any CPU.ActiveCfg = Release|Any CPU
		{95E196B7-16B6-4202-AAFE-1CD92122907C}.Release|Any CPU.Build.0 = Release|Any CPU
	EndGlobalSection
	GlobalSection(SolutionProperties) = preSolution
		HideSolutionNode = FALSE
	EndGlobalSection
	GlobalSection(ExtensibilityGlobals) = postSolution
		SolutionGuid = {B08853ED-7629-478A-A40C-B5D04831A3E7}
	EndGlobalSection
EndGlobal
